
Microsoft Visual Studio Solution File, Format Version 12.00
# Visual Studio Version 17
VisualStudioVersion = 17.8.34525.116
MinimumVisualStudioVersion = 10.0.40219.1
Project("{FAE04EC0-301F-11D3-BF4B-00C04F79EFBC}") = "MoviceAPI", "MoviceAPI\MoviceAPI.csproj", "{39576625-3612-49A6-B7BC-017061AABB68}"
EndProject
Global
	GlobalSection(SolutionConfigurationPlatforms) = preSolution
		Debug|Any CPU = Debug|Any CPU
		Release|Any CPU = Release|Any CPU
	EndGlobalSection
	GlobalSection(ProjectConfigurationPlatforms) = postSolution
		{39576625-3612-49A6-B7BC-017061AABB68}.Debug|Any CPU.ActiveCfg = Debug|Any CPU
		{39576625-3612-49A6-B7BC-017061AABB68}.Debug|Any CPU.Build.0 = Debug|Any CPU
		{39576625-3612-49A6-B7BC-017061AABB68}.Release|Any CPU.ActiveCfg = Release|Any CPU
		{39576625-3612-49A6-B7BC-017061AABB68}.Release|Any CPU.Build.0 = Release|Any CPU
	EndGlobalSection
	GlobalSection(SolutionProperties) = preSolution
		HideSolutionNode = FALSE
	EndGlobalSection
	GlobalSection(ExtensibilityGlobals) = postSolution
		SolutionGuid = {CA2EB186-3672-483D-97DA-4537CBEF9786}
	EndGlobalSection
EndGlobal
